<?xml version="1.0" encoding="UTF-8" standalone="yes" ?>
<CodeBlocks_project_file>
	<FileVersion major="1" minor="6" />
	<Project>
		<Option title="pygen" />
		<Option pch_mode="2" />
		<Option compiler="gcc" />
		<Build>
			<Target title="DLL Debug">
				<Option platforms="Unix;" />
				<Option output="../../lib/linux/debug/libpygen" prefix_auto="1" extension_auto="1" />
				<Option object_output="./linux/DLLDebug" />
				<Option type="3" />
				<Option compiler="gcc" />
				<Option createDefFile="1" />
				<Option createStaticLib="1" />
				<Compiler>
					<Add option="-W" />
					<Add option="-g" />
					<Add option="-O0" />
					<Add option="-lboost_python" />
					<Add option="-lboost_thread-mt" />
					<Add option="-fPIC" />
					<Add option="-D_DEBUG" />
					<Add option="-D_CONSOLE" />
					<Add option="-DPYGEN_EXPORTS" />
					<Add directory="../../src" />
					<Add directory="../engine/src" />
					<Add directory="../generator/src/framework" />
					<Add directory="/usr/include/python2.5" />
				</Compiler>
				<ResourceCompiler>
					<Add directory="../../src" />
					<Add directory="utils/textures" />
					<Add directory="../engine/src" />
					<Add directory="../generator/src/framework" />
				</ResourceCompiler>
				<Linker>
					<Add option="-lboost_python" />
					<Add option="-lboost_thread-mt" />
					<Add option="-fPIC" />
					<Add library="libpython2.5" />
					<Add library="libboost_python" />
					<Add library="../../lib/linux/debug/libgenerator_d.a" />
					<Add library="../../lib/linux/debug/libengine_d.a" />
					<Add library="../../lib/linux/debug/libcal3d_d.a" />
					<Add library="libglut" />
					<Add directory="../../lib/linux/debug" />
				</Linker>
				<ExtraCommands>
					<Add before="mkdir -p -v ../../_out/linux/data" />
					<Add before='find ../../_out/linux/ -maxdepth 1 -type f -name &quot;*&quot; -delete' />
					<Add before='rsync -rv ../../data ../../_out/linux/ --exclude=\&quot;.svn\&quot;' />
					<Add after="rsync -v ../../lib/linux/debug/libpygen.so ../../_out/linux/" />
				</ExtraCommands>
			</Target>
			<Target title="DLL Release">
				<Option platforms="Unix;" />
				<Option output="../../lib/linux/release/libpygen" prefix_auto="1" extension_auto="1" />
				<Option working_dir="../../lib/linux/release" />
				<Option object_output="./linux/DLLRelease" />
				<Option type="3" />
				<Option compiler="gcc" />
				<Option createDefFile="1" />
				<Option createStaticLib="1" />
				<Compiler>
					<Add option="-O2" />
					<Add option="-W" />
					<Add option="-lboost_python" />
					<Add option="-lboost_thread-mt" />
					<Add option="-fPIC" />
					<Add option="-DPYGEN_EXPORTS" />
					<Add option="-DNDEBUG" />
					<Add option="-D_CONSOLE" />
					<Add directory="../../src" />
					<Add directory="../engine/src" />
					<Add directory="../generator/src/framework" />
					<Add directory="/usr/include/python2.5" />
				</Compiler>
				<ResourceCompiler>
					<Add directory="../" />
					<Add directory="../engine/src" />
					<Add directory="../generator/src/framework" />
				</ResourceCompiler>
				<Linker>
					<Add option="-lboost_python" />
					<Add option="-lboost_thread-mt" />
					<Add option="-fPIC" />
					<Add library="libpython2.5" />
					<Add library="libboost_python" />
					<Add library="../../lib/linux/release/libgenerator.a" />
					<Add library="../../lib/linux/release/libengine.a" />
					<Add library="../../lib/linux/release/libcal3d.a" />
					<Add library="libglut" />
					<Add directory="../../lib/linux/release" />
				</Linker>
				<ExtraCommands>
					<Add before="mkdir -p -v ../../_out/linux/data" />
					<Add before='find ../../_out/linux/ -maxdepth 1 -type f -name &quot;*&quot; -delete' />
					<Add before='rsync -rv ../../data ../../_out/linux/ --exclude=\&quot;.svn\&quot;' />
					<Add after="rsync -v ../../lib/linux/release/libpygen.so ../../_out/linux/" />
				</ExtraCommands>
			</Target>
		</Build>
		<Unit filename="src/app/pyapp.cpp" />
		<Unit filename="src/app/pyapp.h" />
		<Unit filename="src/bindings/test_bindings.cpp" />
		<Extensions>
			<code_completion />
			<debugger />
		</Extensions>
	</Project>
</CodeBlocks_project_file>
