<?xml version="1.0" encoding="UTF-8" standalone="yes" ?>
<CodeBlocks_project_file>
	<FileVersion major="1" minor="6" />
	<Project>
		<Option title="generator" />
		<Option pch_mode="2" />
		<Option compiler="gcc" />
		<Build>
			<Target title="FT Debug Static Linux">
				<Option platforms="Unix;" />
				<Option output="../../bin/linux/debug/generator" prefix_auto="1" extension_auto="1" />
				<Option working_dir="../../../genesvn" />
				<Option object_output="Debug" />
				<Option type="1" />
				<Option compiler="gcc" />
				<Compiler>
					<Add option="-W" />
					<Add option="-g" />
					<Add option="-O0" />
					<Add option="-D_DEBUG" />
					<Add option="-D_CONSOLE" />
					<Add directory="../../src" />
					<Add directory="utils/textures" />
					<Add directory="../engine/src" />
				</Compiler>
				<ResourceCompiler>
					<Add directory="../../src" />
					<Add directory="utils/textures" />
					<Add directory="../engine/src" />
				</ResourceCompiler>
				<Linker>
					<Add library="../../bin/linux/debug/libengine_d.a" />
					<Add library="../../bin/linux/debug/libCal3D_d.a" />
					<Add library="libglut" />
					<Add directory="../cal3d/Debug" />
				</Linker>
			</Target>
			<Target title="FT Release Static Linux">
				<Option platforms="Unix;" />
				<Option output="../../bin/linux/release/generator" prefix_auto="1" extension_auto="1" />
				<Option working_dir="../../../genesvn" />
				<Option object_output="Release" />
				<Option type="1" />
				<Option compiler="gcc" />
				<Compiler>
					<Add option="-O2" />
					<Add option="-W" />
					<Add option="-DNDEBUG" />
					<Add option="-D_CONSOLE" />
					<Add directory="../" />
					<Add directory="../engine/src" />
				</Compiler>
				<ResourceCompiler>
					<Add directory="../" />
					<Add directory="../engine/src" />
				</ResourceCompiler>
				<Linker>
					<Add library="../../bin/linux/release/libengine.a" />
					<Add library="../../bin/linux/release/libCal3D.a" />
					<Add library="libglut" />
					<Add directory="../cal3d/Release" />
				</Linker>
			</Target>
		</Build>
		<Unit filename="src/framework/action/action.cpp" />
		<Unit filename="src/framework/action/action.h" />
		<Unit filename="src/framework/action/actionavatar.cpp" />
		<Unit filename="src/framework/action/actionavatar.h" />
		<Unit filename="src/framework/action/idleaction.cpp" />
		<Unit filename="src/framework/action/idleaction.h" />
		<Unit filename="src/framework/action/runaction.cpp" />
		<Unit filename="src/framework/action/runaction.h" />
		<Unit filename="src/framework/action/walkaction.cpp" />
		<Unit filename="src/framework/action/walkaction.h" />
		<Unit filename="src/framework/ai/aiavatar.cpp" />
		<Unit filename="src/framework/ai/aiavatar.h" />
		<Unit filename="src/framework/ai/aicontroller.cpp" />
		<Unit filename="src/framework/ai/aicontroller.h" />
		<Unit filename="src/framework/ai/aimanager.cpp" />
		<Unit filename="src/framework/ai/aimanager.h" />
		<Unit filename="src/framework/ai/constraint.cpp" />
		<Unit filename="src/framework/ai/constraint.h" />
		<Unit filename="src/framework/ai/constraints/limitedareaconstraint.cpp" />
		<Unit filename="src/framework/ai/constraints/limitedareaconstraint.h" />
		<Unit filename="src/framework/ai/goal.cpp" />
		<Unit filename="src/framework/ai/goal.h" />
		<Unit filename="src/framework/ai/goalmanager.cpp" />
		<Unit filename="src/framework/ai/goalmanager.h" />
		<Unit filename="src/framework/ai/goals/changedirgoal.cpp" />
		<Unit filename="src/framework/ai/goals/changedirgoal.h" />
		<Unit filename="src/framework/ai/goals/limitedareagoal.cpp" />
		<Unit filename="src/framework/ai/goals/limitedareagoal.h" />
		<Unit filename="src/framework/ai/goals/randommovegoal.cpp" />
		<Unit filename="src/framework/ai/goals/randommovegoal.h" />
		<Unit filename="src/framework/ai/rule.cpp" />
		<Unit filename="src/framework/ai/rule.h" />
		<Unit filename="src/framework/app/gendebug.cpp" />
		<Unit filename="src/framework/app/gendebug.h" />
		<Unit filename="src/framework/app/generatorapp.cpp" />
		<Unit filename="src/framework/app/generatorapp.h" />
		<Unit filename="src/framework/app/genmain.cpp" />
		<Unit filename="src/framework/app/genmain.h" />
		<Unit filename="src/framework/app/genvisualizationmanager.cpp" />
		<Unit filename="src/framework/app/genvisualizationmanager.h" />
		<Unit filename="src/framework/app/platform.h" />
		<Unit filename="src/framework/avatar/avatar.cpp" />
		<Unit filename="src/framework/avatar/avatar.h" />
		<Unit filename="src/framework/avatar/avatarfactory.cpp" />
		<Unit filename="src/framework/avatar/avatarfactory.h" />
		<Unit filename="src/framework/avatar/avatartype.cpp" />
		<Unit filename="src/framework/avatar/avatartype.h" />
		<Unit filename="src/framework/control/controlmanager.cpp" />
		<Unit filename="src/framework/control/controlmanager.h" />
		<Unit filename="src/framework/motion/motion.cpp" />
		<Unit filename="src/framework/motion/motion.h" />
		<Unit filename="src/framework/motion/movableavatar.cpp" />
		<Unit filename="src/framework/motion/movableavatar.h" />
		<Unit filename="src/framework/motion/timelinevisualizer.cpp" />
		<Unit filename="src/framework/motion/timelinevisualizer.h" />
		<Unit filename="src/framework/physics/cdmanager.cpp" />
		<Unit filename="src/framework/physics/cdmanager.h" />
		<Unit filename="src/framework/physics/magnetcontroller.cpp" />
		<Unit filename="src/framework/physics/magnetcontroller.h" />
		<Unit filename="src/framework/physics/physicsavatar.cpp" />
		<Unit filename="src/framework/physics/physicsavatar.h" />
		<Unit filename="src/framework/physics/speedcontroller.cpp" />
		<Unit filename="src/framework/physics/speedcontroller.h" />
		<Unit filename="src/framework/timeline/footdetector.cpp" />
		<Unit filename="src/framework/timeline/footdetector.h" />
		<Unit filename="src/framework/timeline/lcsmodifier.cpp" />
		<Unit filename="src/framework/timeline/lcsmodifier.h" />
		<Unit filename="src/framework/timeline/timeline.cpp" />
		<Unit filename="src/framework/timeline/timeline.h" />
		<Unit filename="src/framework/timeline/timelineblender.cpp" />
		<Unit filename="src/framework/timeline/timelineblender.h" />
		<Unit filename="src/framework/timeline/timelinecontext.cpp" />
		<Unit filename="src/framework/timeline/timelinecontext.h" />
		<Unit filename="src/framework/timeline/timelineexecutor.cpp" />
		<Unit filename="src/framework/timeline/timelineexecutor.h" />
		<Unit filename="src/framework/timeline/timelinemodifier.cpp" />
		<Unit filename="src/framework/timeline/timelinemodifier.h" />
		<Unit filename="src/framework/timeline/timelinemotion.cpp" />
		<Unit filename="src/framework/timeline/timelinemotion.h" />
		<Unit filename="src/framework/timeline/timelineobject.cpp" />
		<Unit filename="src/framework/timeline/timelineobject.h" />
		<Extensions>
			<code_completion />
			<debugger />
		</Extensions>
	</Project>
</CodeBlocks_project_file>
